
Microsoft Visual Studio Solution File, Format Version 12.00
# Visual Studio Version 16
VisualStudioVersion = 16.0.29509.3
MinimumVisualStudioVersion = 10.0.40219.1
Project("{FAE04EC0-301F-11D3-BF4B-00C04F79EFBC}") = "ConsoleApp9_4Lab", "ConsoleApp9_4Lab\ConsoleApp9_4Lab.csproj", "{0D2F35E7-47D4-4C19-9213-D97CBC5463A7}"
EndProject
Global
	GlobalSection(SolutionConfigurationPlatforms) = preSolution
		Debug|Any CPU = Debug|Any CPU
		Release|Any CPU = Release|Any CPU
	EndGlobalSection
	GlobalSection(ProjectConfigurationPlatforms) = postSolution
		{0D2F35E7-47D4-4C19-9213-D97CBC5463A7}.Debug|Any CPU.ActiveCfg = Debug|Any CPU
		{0D2F35E7-47D4-4C19-9213-D97CBC5463A7}.Debug|Any CPU.Build.0 = Debug|Any CPU
		{0D2F35E7-47D4-4C19-9213-D97CBC5463A7}.Release|Any CPU.ActiveCfg = Release|Any CPU
		{0D2F35E7-47D4-4C19-9213-D97CBC5463A7}.Release|Any CPU.Build.0 = Release|Any CPU
	EndGlobalSection
	GlobalSection(SolutionProperties) = preSolution
		HideSolutionNode = FALSE
	EndGlobalSection
	GlobalSection(ExtensibilityGlobals) = postSolution
		SolutionGuid = {B9FE8368-A2B8-4934-ADD3-05197353A4D4}
	EndGlobalSection
EndGlobal
