
Microsoft Visual Studio Solution File, Format Version 12.00
# Visual Studio Version 16
VisualStudioVersion = 16.0.29509.3
MinimumVisualStudioVersion = 10.0.40219.1
Project("{FAE04EC0-301F-11D3-BF4B-00C04F79EFBC}") = "ConsoleApplesson2_5", "ConsoleApplesson2_5\ConsoleApplesson2_5.csproj", "{B09F2B11-9E7E-42C5-B63F-4B4E46D035FF}"
EndProject
Global
	GlobalSection(SolutionConfigurationPlatforms) = preSolution
		Debug|Any CPU = Debug|Any CPU
		Release|Any CPU = Release|Any CPU
	EndGlobalSection
	GlobalSection(ProjectConfigurationPlatforms) = postSolution
		{B09F2B11-9E7E-42C5-B63F-4B4E46D035FF}.Debug|Any CPU.ActiveCfg = Debug|Any CPU
		{B09F2B11-9E7E-42C5-B63F-4B4E46D035FF}.Debug|Any CPU.Build.0 = Debug|Any CPU
		{B09F2B11-9E7E-42C5-B63F-4B4E46D035FF}.Release|Any CPU.ActiveCfg = Release|Any CPU
		{B09F2B11-9E7E-42C5-B63F-4B4E46D035FF}.Release|Any CPU.Build.0 = Release|Any CPU
	EndGlobalSection
	GlobalSection(SolutionProperties) = preSolution
		HideSolutionNode = FALSE
	EndGlobalSection
	GlobalSection(ExtensibilityGlobals) = postSolution
		SolutionGuid = {19E53ABD-AA76-4532-81FB-FE2EAC1A98AB}
	EndGlobalSection
EndGlobal
